// !$*UTF8*$!
{
	archiveVersion = 1;
	classes = {
	};
	objectVersion = 50;
	objects = {

/* Begin PBXBuildFile section */
		AFE85A58255B6F2D00C2DDB4 /* AppDelegate.swift in Sources */ = {isa = PBXBuildFile; fileRef = AFE85A57255B6F2D00C2DDB4 /* AppDelegate.swift */; };
		AFE85A5A255B6F2D00C2DDB4 /* SceneDelegate.swift in Sources */ = {isa = PBXBuildFile; fileRef = AFE85A59255B6F2D00C2DDB4 /* SceneDelegate.swift */; };
		AFE85A5F255B6F2D00C2DDB4 /* Main.storyboard in Resources */ = {isa = PBXBuildFile; fileRef = AFE85A5D255B6F2D00C2DDB4 /* Main.storyboard */; };
		AFE85A61255B6F3100C2DDB4 /* Assets.xcassets in Resources */ = {isa = PBXBuildFile; fileRef = AFE85A60255B6F3100C2DDB4 /* Assets.xcassets */; };
		AFE85A64255B6F3100C2DDB4 /* LaunchScreen.storyboard in Resources */ = {isa = PBXBuildFile; fileRef = AFE85A62255B6F3100C2DDB4 /* LaunchScreen.storyboard */; };
		AFE85A6E255B745000C2DDB4 /* TableViewController.swift in Sources */ = {isa = PBXBuildFile; fileRef = AFE85A6D255B745000C2DDB4 /* TableViewController.swift */; };
		AFE85A71255B747900C2DDB4 /* AddViewController.swift in Sources */ = {isa = PBXBuildFile; fileRef = AFE85A70255B747900C2DDB4 /* AddViewController.swift */; };
		AFE85A79255B759800C2DDB4 /* DetailViewController.swift in Sources */ = {isa = PBXBuildFile; fileRef = AFE85A78255B759800C2DDB4 /* DetailViewController.swift */; };
		AFE85A7E255B75F200C2DDB4 /* pencil.png in Resources */ = {isa = PBXBuildFile; fileRef = AFE85A7B255B75F200C2DDB4 /* pencil.png */; };
		AFE85A7F255B75F200C2DDB4 /* clock.png in Resources */ = {isa = PBXBuildFile; fileRef = AFE85A7C255B75F200C2DDB4 /* clock.png */; };
		AFE85A80255B75F200C2DDB4 /* cart.png in Resources */ = {isa = PBXBuildFile; fileRef = AFE85A7D255B75F200C2DDB4 /* cart.png */; };
/* End PBXBuildFile section */

/* Begin PBXFileReference section */
		AFE85A54255B6F2D00C2DDB4 /* Table.app */ = {isa = PBXFileReference; explicitFileType = wrapper.application; includeInIndex = 0; path = Table.app; sourceTree = BUILT_PRODUCTS_DIR; };
		AFE85A57255B6F2D00C2DDB4 /* AppDelegate.swift */ = {isa = PBXFileReference; lastKnownFileType = sourcecode.swift; path = AppDelegate.swift; sourceTree = "<group>"; };
		AFE85A59255B6F2D00C2DDB4 /* SceneDelegate.swift */ = {isa = PBXFileReference; lastKnownFileType = sourcecode.swift; path = SceneDelegate.swift; sourceTree = "<group>"; };
		AFE85A5E255B6F2D00C2DDB4 /* Base */ = {isa = PBXFileReference; lastKnownFileType = file.storyboard; name = Base; path = Base.lproj/Main.storyboard; sourceTree = "<group>"; };
		AFE85A60255B6F3100C2DDB4 /* Assets.xcassets */ = {isa = PBXFileReference; lastKnownFileType = folder.assetcatalog; path = Assets.xcassets; sourceTree = "<group>"; };
		AFE85A63255B6F3100C2DDB4 /* Base */ = {isa = PBXFileReference; lastKnownFileType = file.storyboard; name = Base; path = Base.lproj/LaunchScreen.storyboard; sourceTree = "<group>"; };
		AFE85A65255B6F3100C2DDB4 /* Info.plist */ = {isa = PBXFileReference; lastKnownFileType = text.plist.xml; path = Info.plist; sourceTree = "<group>"; };
		AFE85A6D255B745000C2DDB4 /* TableViewController.swift */ = {isa = PBXFileReference; lastKnownFileType = sourcecode.swift; path = TableViewController.swift; sourceTree = "<group>"; };
		AFE85A70255B747900C2DDB4 /* AddViewController.swift */ = {isa = PBXFileReference; lastKnownFileType = sourcecode.swift; path = AddViewController.swift; sourceTree = "<group>"; };
		AFE85A78255B759800C2DDB4 /* DetailViewController.swift */ = {isa = PBXFileReference; lastKnownFileType = sourcecode.swift; path = DetailViewController.swift; sourceTree = "<group>"; };
		AFE85A7B255B75F200C2DDB4 /* pencil.png */ = {isa = PBXFileReference; lastKnownFileType = image.png; path = pencil.png; sourceTree = "<group>"; };
		AFE85A7C255B75F200C2DDB4 /* clock.png */ = {isa = PBXFileReference; lastKnownFileType = image.png; path = clock.png; sourceTree = "<group>"; };
		AFE85A7D255B75F200C2DDB4 /* cart.png */ = {isa = PBXFileReference; lastKnownFileType = image.png; path = cart.png; sourceTree = "<group>"; };
/* End PBXFileReference section */

/* Begin PBXFrameworksBuildPhase section */
		AFE85A51255B6F2D00C2DDB4 /* Frameworks */ = {
			isa = PBXFrameworksBuildPhase;
			buildActionMask = 2147483647;
			files = (
			);
			runOnlyForDeploymentPostprocessing = 0;
		};
/* End PBXFrameworksBuildPhase section */

/* Begin PBXGroup section */
		AFE85A4B255B6F2D00C2DDB4 = {
			isa = PBXGroup;
			children = (
				AFE85A56255B6F2D00C2DDB4 /* Table */,
				AFE85A55255B6F2D00C2DDB4 /* Products */,
			);
			sourceTree = "<group>";
		};
		AFE85A55255B6F2D00C2DDB4 /* Products */ = {
			isa = PBXGroup;
			children = (
				AFE85A54255B6F2D00C2DDB4 /* Table.app */,
			);
			name = Products;
			sourceTree = "<group>";
		};
		AFE85A56255B6F2D00C2DDB4 /* Table */ = {
			isa = PBXGroup;
			children = (
				AFE85A7D255B75F200C2DDB4 /* cart.png */,
				AFE85A7C255B75F200C2DDB4 /* clock.png */,
				AFE85A7B255B75F200C2DDB4 /* pencil.png */,
				AFE85A57255B6F2D00C2DDB4 /* AppDelegate.swift */,
				AFE85A6D255B745000C2DDB4 /* TableViewController.swift */,
				AFE85A70255B747900C2DDB4 /* AddViewController.swift */,
				AFE85A78255B759800C2DDB4 /* DetailViewController.swift */,
				AFE85A59255B6F2D00C2DDB4 /* SceneDelegate.swift */,
				AFE85A5D255B6F2D00C2DDB4 /* Main.storyboard */,
				AFE85A60255B6F3100C2DDB4 /* Assets.xcassets */,
				AFE85A62255B6F3100C2DDB4 /* LaunchScreen.storyboard */,
				AFE85A65255B6F3100C2DDB4 /* Info.plist */,
			);
			path = Table;
			sourceTree = "<group>";
		};
/* End PBXGroup section */

/* Begin PBXNativeTarget section */
		AFE85A53255B6F2D00C2DDB4 /* Table */ = {
			isa = PBXNativeTarget;
			buildConfigurationList = AFE85A68255B6F3100C2DDB4 /* Build configuration list for PBXNativeTarget "Table" */;
			buildPhases = (
				AFE85A50255B6F2D00C2DDB4 /* Sources */,
				AFE85A51255B6F2D00C2DDB4 /* Frameworks */,
				AFE85A52255B6F2D00C2DDB4 /* Resources */,
			);
			buildRules = (
			);
			dependencies = (
			);
			name = Table;
			productName = Table;
			productReference = AFE85A54255B6F2D00C2DDB4 /* Table.app */;
			productType = "com.apple.product-type.application";
		};
/* End PBXNativeTarget section */

/* Begin PBXProject section */
		AFE85A4C255B6F2D00C2DDB4 /* Project object */ = {
			isa = PBXProject;
			attributes = {
				LastSwiftUpdateCheck = 1210;
				LastUpgradeCheck = 1210;
				TargetAttributes = {
					AFE85A53255B6F2D00C2DDB4 = {
						CreatedOnToolsVersion = 12.1;
					};
				};
			};
			buildConfigurationList = AFE85A4F255B6F2D00C2DDB4 /* Build configuration list for PBXProject "Table" */;
			compatibilityVersion = "Xcode 9.3";
			developmentRegion = en;
			hasScannedForEncodings = 0;
			knownRegions = (
				en,
				Base,
			);
			mainGroup = AFE85A4B255B6F2D00C2DDB4;
			productRefGroup = AFE85A55255B6F2D00C2DDB4 /* Products */;
			projectDirPath = "";
			projectRoot = "";
			targets = (
				AFE85A53255B6F2D00C2DDB4 /* Table */,
			);
		};
/* End PBXProject section */

/* Begin PBXResourcesBuildPhase section */
		AFE85A52255B6F2D00C2DDB4 /* Resources */ = {
			isa = PBXResourcesBuildPhase;
			buildActionMask = 2147483647;
			files = (
				AFE85A7E255B75F200C2DDB4 /* pencil.png in Resources */,
				AFE85A7F255B75F200C2DDB4 /* clock.png in Resources */,
				AFE85A64255B6F3100C2DDB4 /* LaunchScreen.storyboard in Resources */,
				AFE85A61255B6F3100C2DDB4 /* Assets.xcassets in Resources */,
				AFE85A5F255B6F2D00C2DDB4 /* Main.storyboard in Resources */,
				AFE85A80255B75F200C2DDB4 /* cart.png in Resources */,
			);
			runOnlyForDeploymentPostprocessing = 0;
		};
/* End PBXResourcesBuildPhase section */

/* Begin PBXSourcesBuildPhase section */
		AFE85A50255B6F2D00C2DDB4 /* Sources */ = {
			isa = PBXSourcesBuildPhase;
			buildActionMask = 2147483647;
			files = (
				AFE85A58255B6F2D00C2DDB4 /* AppDelegate.swift in Sources */,
				AFE85A6E255B745000C2DDB4 /* TableViewController.swift in Sources */,
				AFE85A79255B759800C2DDB4 /* DetailViewController.swift in Sources */,
				AFE85A71255B747900C2DDB4 /* AddViewController.swift in Sources */,
				AFE85A5A255B6F2D00C2DDB4 /* SceneDelegate.swift in Sources */,
			);
			runOnlyForDeploymentPostprocessing = 0;
		};
/* End PBXSourcesBuildPhase section */

/* Begin PBXVariantGroup section */
		AFE85A5D255B6F2D00C2DDB4 /* Main.storyboard */ = {
			isa = PBXVariantGroup;
			children = (
				AFE85A5E255B6F2D00C2DDB4 /* Base */,
			);
			name = Main.storyboard;
			sourceTree = "<group>";
		};
		AFE85A62255B6F3100C2DDB4 /* LaunchScreen.storyboard */ = {
			isa = PBXVariantGroup;
			children = (
				AFE85A63255B6F3100C2DDB4 /* Base */,
			);
			name = LaunchScreen.storyboard;
			sourceTree = "<group>";
		};
/* End PBXVariantGroup section */

/* Begin XCBuildConfiguration section */
		AFE85A66255B6F3100C2DDB4 /* Debug */ = {
			isa = XCBuildConfiguration;
			buildSettings = {
				ALWAYS_SEARCH_USER_PATHS = NO;
				CLANG_ANALYZER_NONNULL = YES;
				CLANG_ANALYZER_NUMBER_OBJECT_CONVERSION = YES_AGGRESSIVE;
				CLANG_CXX_LANGUAGE_STANDARD = "gnu++14";
				CLANG_CXX_LIBRARY = "libc++";
				CLANG_ENABLE_MODULES = YES;
				CLANG_ENABLE_OBJC_ARC = YES;
				CLANG_ENABLE_OBJC_WEAK = YES;
				CLANG_WARN_BLOCK_CAPTURE_AUTORELEASING = YES;
				CLANG_WARN_BOOL_CONVERSION = YES;
				CLANG_WARN_COMMA = YES;
				CLANG_WARN_CONSTANT_CONVERSION = YES;
				CLANG_WARN_DEPRECATED_OBJC_IMPLEMENTATIONS = YES;
				CLANG_WARN_DIRECT_OBJC_ISA_USAGE = YES_ERROR;
				CLANG_WARN_DOCUMENTATION_COMMENTS = YES;
				CLANG_WARN_EMPTY_BODY = YES;
				CLANG_WARN_ENUM_CONVERSION = YES;
				CLANG_WARN_INFINITE_RECURSION = YES;
				CLANG_WARN_INT_CONVERSION = YES;
				CLANG_WARN_NON_LITERAL_NULL_CONVERSION = YES;
				CLANG_WARN_OBJC_IMPLICIT_RETAIN_SELF = YES;
				CLANG_WARN_OBJC_LITERAL_CONVERSION = YES;
				CLANG_WARN_OBJC_ROOT_CLASS = YES_ERROR;
				CLANG_WARN_QUOTED_INCLUDE_IN_FRAMEWORK_HEADER = YES;
				CLANG_WARN_RANGE_LOOP_ANALYSIS = YES;
				CLANG_WARN_STRICT_PROTOTYPES = YES;
				CLANG_WARN_SUSPICIOUS_MOVE = YES;
				CLANG_WARN_UNGUARDED_AVAILABILITY = YES_AGGRESSIVE;
				CLANG_WARN_UNREACHABLE_CODE = YES;
				CLANG_WARN__DUPLICATE_METHOD_MATCH = YES;
				COPY_PHASE_STRIP = NO;
				DEBUG_INFORMATION_FORMAT = dwarf;
				ENABLE_STRICT_OBJC_MSGSEND = YES;
				ENABLE_TESTABILITY = YES;
				GCC_C_LANGUAGE_STANDARD = gnu11;
				GCC_DYNAMIC_NO_PIC = NO;
				GCC_NO_COMMON_BLOCKS = YES;
				GCC_OPTIMIZATION_LEVEL = 0;
				GCC_PREPROCESSOR_DEFINITIONS = (
					"DEBUG=1",
					"$(inherited)",
				);
				GCC_WARN_64_TO_32_BIT_CONVERSION = YES;
				GCC_WARN_ABOUT_RETURN_TYPE = YES_ERROR;
				GCC_WARN_UNDECLARED_SELECTOR = YES;
				GCC_WARN_UNINITIALIZED_AUTOS = YES_AGGRESSIVE;
				GCC_WARN_UNUSED_FUNCTION = YES;
				GCC_WARN_UNUSED_VARIABLE = YES;
				IPHONEOS_DEPLOYMENT_TARGET = 14.1;
				MTL_ENABLE_DEBUG_INFO = INCLUDE_SOURCE;
				MTL_FAST_MATH = YES;
				ONLY_ACTIVE_ARCH = YES;
				SDKROOT = iphoneos;
				SWIFT_ACTIVE_COMPILATION_CONDITIONS = DEBUG;
				SWIFT_OPTIMIZATION_LEVEL = "-Onone";
			};
			name = Debug;
		};
		AFE85A67255B6F3100C2DDB4 /* Release */ = {
			isa = XCBuildConfiguration;
			buildSettings = {
				ALWAYS_SEARCH_USER_PATHS = NO;
				CLANG_ANALYZER_NONNULL = YES;
				CLANG_ANALYZER_NUMBER_OBJECT_CONVERSION = YES_AGGRESSIVE;
				CLANG_CXX_LANGUAGE_STANDARD = "gnu++14";
				CLANG_CXX_LIBRARY = "libc++";
				CLANG_ENABLE_MODULES = YES;
				CLANG_ENABLE_OBJC_ARC = YES;
				CLANG_ENABLE_OBJC_WEAK = YES;
				CLANG_WARN_BLOCK_CAPTURE_AUTORELEASING = YES;
				CLANG_WARN_BOOL_CONVERSION = YES;
				CLANG_WARN_COMMA = YES;
				CLANG_WARN_CONSTANT_CONVERSION = YES;
				CLANG_WARN_DEPRECATED_OBJC_IMPLEMENTATIONS = YES;
				CLANG_WARN_DIRECT_OBJC_ISA_USAGE = YES_ERROR;
				CLANG_WARN_DOCUMENTATION_COMMENTS = YES;
				CLANG_WARN_EMPTY_BODY = YES;
				CLANG_WARN_ENUM_CONVERSION = YES;
				CLANG_WARN_INFINITE_RECURSION = YES;
				CLANG_WARN_INT_CONVERSION = YES;
				CLANG_WARN_NON_LITERAL_NULL_CONVERSION = YES;
				CLANG_WARN_OBJC_IMPLICIT_RETAIN_SELF = YES;
				CLANG_WARN_OBJC_LITERAL_CONVERSION = YES;
				CLANG_WARN_OBJC_ROOT_CLASS = YES_ERROR;
				CLANG_WARN_QUOTED_INCLUDE_IN_FRAMEWORK_HEADER = YES;
				CLANG_WARN_RANGE_LOOP_ANALYSIS = YES;
				CLANG_WARN_STRICT_PROTOTYPES = YES;
				CLANG_WARN_SUSPICIOUS_MOVE = YES;
				CLANG_WARN_UNGUARDED_AVAILABILITY = YES_AGGRESSIVE;
				CLANG_WARN_UNREACHABLE_CODE = YES;
				CLANG_WARN__DUPLICATE_METHOD_MATCH = YES;
				COPY_PHASE_STRIP = NO;
				DEBUG_INFORMATION_FORMAT = "dwarf-with-dsym";
				ENABLE_NS_ASSERTIONS = NO;
				ENABLE_STRICT_OBJC_MSGSEND = YES;
				GCC_C_LANGUAGE_STANDARD = gnu11;
				GCC_NO_COMMON_BLOCKS = YES;
				GCC_WARN_64_TO_32_BIT_CONVERSION = YES;
				GCC_WARN_ABOUT_RETURN_TYPE = YES_ERROR;
				GCC_WARN_UNDECLARED_SELECTOR = YES;
				GCC_WARN_UNINITIALIZED_AUTOS = YES_AGGRESSIVE;
				GCC_WARN_UNUSED_FUNCTION = YES;
				GCC_WARN_UNUSED_VARIABLE = YES;
				IPHONEOS_DEPLOYMENT_TARGET = 14.1;
				MTL_ENABLE_DEBUG_INFO = NO;
				MTL_FAST_MATH = YES;
				SDKROOT = iphoneos;
				SWIFT_COMPILATION_MODE = wholemodule;
				SWIFT_OPTIMIZATION_LEVEL = "-O";
				VALIDATE_PRODUCT = YES;
			};
			name = Release;
		};
		AFE85A69255B6F3100C2DDB4 /* Debug */ = {
			isa = XCBuildConfiguration;
			buildSettings = {
				ASSETCATALOG_COMPILER_APPICON_NAME = AppIcon;
				ASSETCATALOG_COMPILER_GLOBAL_ACCENT_COLOR_NAME = AccentColor;
				CODE_SIGN_STYLE = Automatic;
				INFOPLIST_FILE = Table/Info.plist;
				LD_RUNPATH_SEARCH_PATHS = (
					"$(inherited)",
					"@executable_path/Frameworks",
				);
				PRODUCT_BUNDLE_IDENTIFIER = net.macnpc.Table;
				PRODUCT_NAME = "$(TARGET_NAME)";
				SWIFT_VERSION = 5.0;
				TARGETED_DEVICE_FAMILY = "1,2";
			};
			name = Debug;
		};
		AFE85A6A255B6F3100C2DDB4 /* Release */ = {
			isa = XCBuildConfiguration;
			buildSettings = {
				ASSETCATALOG_COMPILER_APPICON_NAME = AppIcon;
				ASSETCATALOG_COMPILER_GLOBAL_ACCENT_COLOR_NAME = AccentColor;
				CODE_SIGN_STYLE = Automatic;
				INFOPLIST_FILE = Table/Info.plist;
				LD_RUNPATH_SEARCH_PATHS = (
					"$(inherited)",
					"@executable_path/Frameworks",
				);
				PRODUCT_BUNDLE_IDENTIFIER = net.macnpc.Table;
				PRODUCT_NAME = "$(TARGET_NAME)";
				SWIFT_VERSION = 5.0;
				TARGETED_DEVICE_FAMILY = "1,2";
			};
			name = Release;
		};
/* End XCBuildConfiguration section */

/* Begin XCConfigurationList section */
		AFE85A4F255B6F2D00C2DDB4 /* Build configuration list for PBXProject "Table" */ = {
			isa = XCConfigurationList;
			buildConfigurations = (
				AFE85A66255B6F3100C2DDB4 /* Debug */,
				AFE85A67255B6F3100C2DDB4 /* Release */,
			);
			defaultConfigurationIsVisible = 0;
			defaultConfigurationName = Release;
		};
		AFE85A68255B6F3100C2DDB4 /* Build configuration list for PBXNativeTarget "Table" */ = {
			isa = XCConfigurationList;
			buildConfigurations = (
				AFE85A69255B6F3100C2DDB4 /* Debug */,
				AFE85A6A255B6F3100C2DDB4 /* Release */,
			);
			defaultConfigurationIsVisible = 0;
			defaultConfigurationName = Release;
		};
/* End XCConfigurationList section */
	};
	rootObject = AFE85A4C255B6F2D00C2DDB4 /* Project object */;
}
