// !$*UTF8*$!
{
	archiveVersion = 1;
	classes = {
	};
	objectVersion = 50;
	objects = {

/* Begin PBXBuildFile section */
		AFE859F6255A795000C2DDB4 /* AppDelegate.swift in Sources */ = {isa = PBXBuildFile; fileRef = AFE859F5255A795000C2DDB4 /* AppDelegate.swift */; };
		AFE859F8255A795000C2DDB4 /* SceneDelegate.swift in Sources */ = {isa = PBXBuildFile; fileRef = AFE859F7255A795000C2DDB4 /* SceneDelegate.swift */; };
		AFE859FA255A795000C2DDB4 /* ViewController.swift in Sources */ = {isa = PBXBuildFile; fileRef = AFE859F9255A795000C2DDB4 /* ViewController.swift */; };
		AFE859FD255A795000C2DDB4 /* Main.storyboard in Resources */ = {isa = PBXBuildFile; fileRef = AFE859FB255A795000C2DDB4 /* Main.storyboard */; };
		AFE859FF255A795200C2DDB4 /* Assets.xcassets in Resources */ = {isa = PBXBuildFile; fileRef = AFE859FE255A795200C2DDB4 /* Assets.xcassets */; };
		AFE85A02255A795200C2DDB4 /* LaunchScreen.storyboard in Resources */ = {isa = PBXBuildFile; fileRef = AFE85A00255A795200C2DDB4 /* LaunchScreen.storyboard */; };
		AFE85A0B255A797A00C2DDB4 /* htmlView.html in Resources */ = {isa = PBXBuildFile; fileRef = AFE85A0A255A797A00C2DDB4 /* htmlView.html */; };
/* End PBXBuildFile section */

/* Begin PBXFileReference section */
		AFE859F2255A795000C2DDB4 /* WebM.app */ = {isa = PBXFileReference; explicitFileType = wrapper.application; includeInIndex = 0; path = WebM.app; sourceTree = BUILT_PRODUCTS_DIR; };
		AFE859F5255A795000C2DDB4 /* AppDelegate.swift */ = {isa = PBXFileReference; lastKnownFileType = sourcecode.swift; path = AppDelegate.swift; sourceTree = "<group>"; };
		AFE859F7255A795000C2DDB4 /* SceneDelegate.swift */ = {isa = PBXFileReference; lastKnownFileType = sourcecode.swift; path = SceneDelegate.swift; sourceTree = "<group>"; };
		AFE859F9255A795000C2DDB4 /* ViewController.swift */ = {isa = PBXFileReference; lastKnownFileType = sourcecode.swift; path = ViewController.swift; sourceTree = "<group>"; };
		AFE859FC255A795000C2DDB4 /* Base */ = {isa = PBXFileReference; lastKnownFileType = file.storyboard; name = Base; path = Base.lproj/Main.storyboard; sourceTree = "<group>"; };
		AFE859FE255A795200C2DDB4 /* Assets.xcassets */ = {isa = PBXFileReference; lastKnownFileType = folder.assetcatalog; path = Assets.xcassets; sourceTree = "<group>"; };
		AFE85A01255A795200C2DDB4 /* Base */ = {isa = PBXFileReference; lastKnownFileType = file.storyboard; name = Base; path = Base.lproj/LaunchScreen.storyboard; sourceTree = "<group>"; };
		AFE85A03255A795200C2DDB4 /* Info.plist */ = {isa = PBXFileReference; lastKnownFileType = text.plist.xml; path = Info.plist; sourceTree = "<group>"; };
		AFE85A0A255A797A00C2DDB4 /* htmlView.html */ = {isa = PBXFileReference; fileEncoding = 4; lastKnownFileType = text.html; path = htmlView.html; sourceTree = "<group>"; };
/* End PBXFileReference section */

/* Begin PBXFrameworksBuildPhase section */
		AFE859EF255A795000C2DDB4 /* Frameworks */ = {
			isa = PBXFrameworksBuildPhase;
			buildActionMask = 2147483647;
			files = (
			);
			runOnlyForDeploymentPostprocessing = 0;
		};
/* End PBXFrameworksBuildPhase section */

/* Begin PBXGroup section */
		AFE859E9255A795000C2DDB4 = {
			isa = PBXGroup;
			children = (
				AFE859F4255A795000C2DDB4 /* WebM */,
				AFE859F3255A795000C2DDB4 /* Products */,
			);
			sourceTree = "<group>";
		};
		AFE859F3255A795000C2DDB4 /* Products */ = {
			isa = PBXGroup;
			children = (
				AFE859F2255A795000C2DDB4 /* WebM.app */,
			);
			name = Products;
			sourceTree = "<group>";
		};
		AFE859F4255A795000C2DDB4 /* WebM */ = {
			isa = PBXGroup;
			children = (
				AFE859F5255A795000C2DDB4 /* AppDelegate.swift */,
				AFE859F7255A795000C2DDB4 /* SceneDelegate.swift */,
				AFE859F9255A795000C2DDB4 /* ViewController.swift */,
				AFE85A0A255A797A00C2DDB4 /* htmlView.html */,
				AFE859FB255A795000C2DDB4 /* Main.storyboard */,
				AFE859FE255A795200C2DDB4 /* Assets.xcassets */,
				AFE85A00255A795200C2DDB4 /* LaunchScreen.storyboard */,
				AFE85A03255A795200C2DDB4 /* Info.plist */,
			);
			path = WebM;
			sourceTree = "<group>";
		};
/* End PBXGroup section */

/* Begin PBXNativeTarget section */
		AFE859F1255A795000C2DDB4 /* WebM */ = {
			isa = PBXNativeTarget;
			buildConfigurationList = AFE85A06255A795200C2DDB4 /* Build configuration list for PBXNativeTarget "WebM" */;
			buildPhases = (
				AFE859EE255A795000C2DDB4 /* Sources */,
				AFE859EF255A795000C2DDB4 /* Frameworks */,
				AFE859F0255A795000C2DDB4 /* Resources */,
			);
			buildRules = (
			);
			dependencies = (
			);
			name = WebM;
			productName = WebM;
			productReference = AFE859F2255A795000C2DDB4 /* WebM.app */;
			productType = "com.apple.product-type.application";
		};
/* End PBXNativeTarget section */

/* Begin PBXProject section */
		AFE859EA255A795000C2DDB4 /* Project object */ = {
			isa = PBXProject;
			attributes = {
				LastSwiftUpdateCheck = 1210;
				LastUpgradeCheck = 1210;
				TargetAttributes = {
					AFE859F1255A795000C2DDB4 = {
						CreatedOnToolsVersion = 12.1;
					};
				};
			};
			buildConfigurationList = AFE859ED255A795000C2DDB4 /* Build configuration list for PBXProject "WebM" */;
			compatibilityVersion = "Xcode 9.3";
			developmentRegion = en;
			hasScannedForEncodings = 0;
			knownRegions = (
				en,
				Base,
			);
			mainGroup = AFE859E9255A795000C2DDB4;
			productRefGroup = AFE859F3255A795000C2DDB4 /* Products */;
			projectDirPath = "";
			projectRoot = "";
			targets = (
				AFE859F1255A795000C2DDB4 /* WebM */,
			);
		};
/* End PBXProject section */

/* Begin PBXResourcesBuildPhase section */
		AFE859F0255A795000C2DDB4 /* Resources */ = {
			isa = PBXResourcesBuildPhase;
			buildActionMask = 2147483647;
			files = (
				AFE85A0B255A797A00C2DDB4 /* htmlView.html in Resources */,
				AFE85A02255A795200C2DDB4 /* LaunchScreen.storyboard in Resources */,
				AFE859FF255A795200C2DDB4 /* Assets.xcassets in Resources */,
				AFE859FD255A795000C2DDB4 /* Main.storyboard in Resources */,
			);
			runOnlyForDeploymentPostprocessing = 0;
		};
/* End PBXResourcesBuildPhase section */

/* Begin PBXSourcesBuildPhase section */
		AFE859EE255A795000C2DDB4 /* Sources */ = {
			isa = PBXSourcesBuildPhase;
			buildActionMask = 2147483647;
			files = (
				AFE859FA255A795000C2DDB4 /* ViewController.swift in Sources */,
				AFE859F6255A795000C2DDB4 /* AppDelegate.swift in Sources */,
				AFE859F8255A795000C2DDB4 /* SceneDelegate.swift in Sources */,
			);
			runOnlyForDeploymentPostprocessing = 0;
		};
/* End PBXSourcesBuildPhase section */

/* Begin PBXVariantGroup section */
		AFE859FB255A795000C2DDB4 /* Main.storyboard */ = {
			isa = PBXVariantGroup;
			children = (
				AFE859FC255A795000C2DDB4 /* Base */,
			);
			name = Main.storyboard;
			sourceTree = "<group>";
		};
		AFE85A00255A795200C2DDB4 /* LaunchScreen.storyboard */ = {
			isa = PBXVariantGroup;
			children = (
				AFE85A01255A795200C2DDB4 /* Base */,
			);
			name = LaunchScreen.storyboard;
			sourceTree = "<group>";
		};
/* End PBXVariantGroup section */

/* Begin XCBuildConfiguration section */
		AFE85A04255A795200C2DDB4 /* Debug */ = {
			isa = XCBuildConfiguration;
			buildSettings = {
				ALWAYS_SEARCH_USER_PATHS = NO;
				CLANG_ANALYZER_NONNULL = YES;
				CLANG_ANALYZER_NUMBER_OBJECT_CONVERSION = YES_AGGRESSIVE;
				CLANG_CXX_LANGUAGE_STANDARD = "gnu++14";
				CLANG_CXX_LIBRARY = "libc++";
				CLANG_ENABLE_MODULES = YES;
				CLANG_ENABLE_OBJC_ARC = YES;
				CLANG_ENABLE_OBJC_WEAK = YES;
				CLANG_WARN_BLOCK_CAPTURE_AUTORELEASING = YES;
				CLANG_WARN_BOOL_CONVERSION = YES;
				CLANG_WARN_COMMA = YES;
				CLANG_WARN_CONSTANT_CONVERSION = YES;
				CLANG_WARN_DEPRECATED_OBJC_IMPLEMENTATIONS = YES;
				CLANG_WARN_DIRECT_OBJC_ISA_USAGE = YES_ERROR;
				CLANG_WARN_DOCUMENTATION_COMMENTS = YES;
				CLANG_WARN_EMPTY_BODY = YES;
				CLANG_WARN_ENUM_CONVERSION = YES;
				CLANG_WARN_INFINITE_RECURSION = YES;
				CLANG_WARN_INT_CONVERSION = YES;
				CLANG_WARN_NON_LITERAL_NULL_CONVERSION = YES;
				CLANG_WARN_OBJC_IMPLICIT_RETAIN_SELF = YES;
				CLANG_WARN_OBJC_LITERAL_CONVERSION = YES;
				CLANG_WARN_OBJC_ROOT_CLASS = YES_ERROR;
				CLANG_WARN_QUOTED_INCLUDE_IN_FRAMEWORK_HEADER = YES;
				CLANG_WARN_RANGE_LOOP_ANALYSIS = YES;
				CLANG_WARN_STRICT_PROTOTYPES = YES;
				CLANG_WARN_SUSPICIOUS_MOVE = YES;
				CLANG_WARN_UNGUARDED_AVAILABILITY = YES_AGGRESSIVE;
				CLANG_WARN_UNREACHABLE_CODE = YES;
				CLANG_WARN__DUPLICATE_METHOD_MATCH = YES;
				COPY_PHASE_STRIP = NO;
				DEBUG_INFORMATION_FORMAT = dwarf;
				ENABLE_STRICT_OBJC_MSGSEND = YES;
				ENABLE_TESTABILITY = YES;
				GCC_C_LANGUAGE_STANDARD = gnu11;
				GCC_DYNAMIC_NO_PIC = NO;
				GCC_NO_COMMON_BLOCKS = YES;
				GCC_OPTIMIZATION_LEVEL = 0;
				GCC_PREPROCESSOR_DEFINITIONS = (
					"DEBUG=1",
					"$(inherited)",
				);
				GCC_WARN_64_TO_32_BIT_CONVERSION = YES;
				GCC_WARN_ABOUT_RETURN_TYPE = YES_ERROR;
				GCC_WARN_UNDECLARED_SELECTOR = YES;
				GCC_WARN_UNINITIALIZED_AUTOS = YES_AGGRESSIVE;
				GCC_WARN_UNUSED_FUNCTION = YES;
				GCC_WARN_UNUSED_VARIABLE = YES;
				IPHONEOS_DEPLOYMENT_TARGET = 14.1;
				MTL_ENABLE_DEBUG_INFO = INCLUDE_SOURCE;
				MTL_FAST_MATH = YES;
				ONLY_ACTIVE_ARCH = YES;
				SDKROOT = iphoneos;
				SWIFT_ACTIVE_COMPILATION_CONDITIONS = DEBUG;
				SWIFT_OPTIMIZATION_LEVEL = "-Onone";
			};
			name = Debug;
		};
		AFE85A05255A795200C2DDB4 /* Release */ = {
			isa = XCBuildConfiguration;
			buildSettings = {
				ALWAYS_SEARCH_USER_PATHS = NO;
				CLANG_ANALYZER_NONNULL = YES;
				CLANG_ANALYZER_NUMBER_OBJECT_CONVERSION = YES_AGGRESSIVE;
				CLANG_CXX_LANGUAGE_STANDARD = "gnu++14";
				CLANG_CXX_LIBRARY = "libc++";
				CLANG_ENABLE_MODULES = YES;
				CLANG_ENABLE_OBJC_ARC = YES;
				CLANG_ENABLE_OBJC_WEAK = YES;
				CLANG_WARN_BLOCK_CAPTURE_AUTORELEASING = YES;
				CLANG_WARN_BOOL_CONVERSION = YES;
				CLANG_WARN_COMMA = YES;
				CLANG_WARN_CONSTANT_CONVERSION = YES;
				CLANG_WARN_DEPRECATED_OBJC_IMPLEMENTATIONS = YES;
				CLANG_WARN_DIRECT_OBJC_ISA_USAGE = YES_ERROR;
				CLANG_WARN_DOCUMENTATION_COMMENTS = YES;
				CLANG_WARN_EMPTY_BODY = YES;
				CLANG_WARN_ENUM_CONVERSION = YES;
				CLANG_WARN_INFINITE_RECURSION = YES;
				CLANG_WARN_INT_CONVERSION = YES;
				CLANG_WARN_NON_LITERAL_NULL_CONVERSION = YES;
				CLANG_WARN_OBJC_IMPLICIT_RETAIN_SELF = YES;
				CLANG_WARN_OBJC_LITERAL_CONVERSION = YES;
				CLANG_WARN_OBJC_ROOT_CLASS = YES_ERROR;
				CLANG_WARN_QUOTED_INCLUDE_IN_FRAMEWORK_HEADER = YES;
				CLANG_WARN_RANGE_LOOP_ANALYSIS = YES;
				CLANG_WARN_STRICT_PROTOTYPES = YES;
				CLANG_WARN_SUSPICIOUS_MOVE = YES;
				CLANG_WARN_UNGUARDED_AVAILABILITY = YES_AGGRESSIVE;
				CLANG_WARN_UNREACHABLE_CODE = YES;
				CLANG_WARN__DUPLICATE_METHOD_MATCH = YES;
				COPY_PHASE_STRIP = NO;
				DEBUG_INFORMATION_FORMAT = "dwarf-with-dsym";
				ENABLE_NS_ASSERTIONS = NO;
				ENABLE_STRICT_OBJC_MSGSEND = YES;
				GCC_C_LANGUAGE_STANDARD = gnu11;
				GCC_NO_COMMON_BLOCKS = YES;
				GCC_WARN_64_TO_32_BIT_CONVERSION = YES;
				GCC_WARN_ABOUT_RETURN_TYPE = YES_ERROR;
				GCC_WARN_UNDECLARED_SELECTOR = YES;
				GCC_WARN_UNINITIALIZED_AUTOS = YES_AGGRESSIVE;
				GCC_WARN_UNUSED_FUNCTION = YES;
				GCC_WARN_UNUSED_VARIABLE = YES;
				IPHONEOS_DEPLOYMENT_TARGET = 14.1;
				MTL_ENABLE_DEBUG_INFO = NO;
				MTL_FAST_MATH = YES;
				SDKROOT = iphoneos;
				SWIFT_COMPILATION_MODE = wholemodule;
				SWIFT_OPTIMIZATION_LEVEL = "-O";
				VALIDATE_PRODUCT = YES;
			};
			name = Release;
		};
		AFE85A07255A795200C2DDB4 /* Debug */ = {
			isa = XCBuildConfiguration;
			buildSettings = {
				ASSETCATALOG_COMPILER_APPICON_NAME = AppIcon;
				ASSETCATALOG_COMPILER_GLOBAL_ACCENT_COLOR_NAME = AccentColor;
				CODE_SIGN_STYLE = Automatic;
				INFOPLIST_FILE = WebM/Info.plist;
				LD_RUNPATH_SEARCH_PATHS = (
					"$(inherited)",
					"@executable_path/Frameworks",
				);
				PRODUCT_BUNDLE_IDENTIFIER = net.macnpc.WebM;
				PRODUCT_NAME = "$(TARGET_NAME)";
				SWIFT_VERSION = 5.0;
				TARGETED_DEVICE_FAMILY = "1,2";
			};
			name = Debug;
		};
		AFE85A08255A795200C2DDB4 /* Release */ = {
			isa = XCBuildConfiguration;
			buildSettings = {
				ASSETCATALOG_COMPILER_APPICON_NAME = AppIcon;
				ASSETCATALOG_COMPILER_GLOBAL_ACCENT_COLOR_NAME = AccentColor;
				CODE_SIGN_STYLE = Automatic;
				INFOPLIST_FILE = WebM/Info.plist;
				LD_RUNPATH_SEARCH_PATHS = (
					"$(inherited)",
					"@executable_path/Frameworks",
				);
				PRODUCT_BUNDLE_IDENTIFIER = net.macnpc.WebM;
				PRODUCT_NAME = "$(TARGET_NAME)";
				SWIFT_VERSION = 5.0;
				TARGETED_DEVICE_FAMILY = "1,2";
			};
			name = Release;
		};
/* End XCBuildConfiguration section */

/* Begin XCConfigurationList section */
		AFE859ED255A795000C2DDB4 /* Build configuration list for PBXProject "WebM" */ = {
			isa = XCConfigurationList;
			buildConfigurations = (
				AFE85A04255A795200C2DDB4 /* Debug */,
				AFE85A05255A795200C2DDB4 /* Release */,
			);
			defaultConfigurationIsVisible = 0;
			defaultConfigurationName = Release;
		};
		AFE85A06255A795200C2DDB4 /* Build configuration list for PBXNativeTarget "WebM" */ = {
			isa = XCConfigurationList;
			buildConfigurations = (
				AFE85A07255A795200C2DDB4 /* Debug */,
				AFE85A08255A795200C2DDB4 /* Release */,
			);
			defaultConfigurationIsVisible = 0;
			defaultConfigurationName = Release;
		};
/* End XCConfigurationList section */
	};
	rootObject = AFE859EA255A795000C2DDB4 /* Project object */;
}
